
Microsoft Visual Studio Solution File, Format Version 12.00
# Visual Studio Version 16
VisualStudioVersion = 16.0.31729.503
MinimumVisualStudioVersion = 10.0.40219.1
Project("{FAE04EC0-301F-11D3-BF4B-00C04F79EFBC}") = "AtlanApi", "AtlanApi.csproj", "{F9121386-DF55-4BC5-8207-B1201E52C93C}"
EndProject
Global
	GlobalSection(SolutionConfigurationPlatforms) = preSolution
		Debug|Any CPU = Debug|Any CPU
		Release|Any CPU = Release|Any CPU
	EndGlobalSection
	GlobalSection(ProjectConfigurationPlatforms) = postSolution
		{F9121386-DF55-4BC5-8207-B1201E52C93C}.Debug|Any CPU.ActiveCfg = Debug|Any CPU
		{F9121386-DF55-4BC5-8207-B1201E52C93C}.Debug|Any CPU.Build.0 = Debug|Any CPU
		{F9121386-DF55-4BC5-8207-B1201E52C93C}.Release|Any CPU.ActiveCfg = Release|Any CPU
		{F9121386-DF55-4BC5-8207-B1201E52C93C}.Release|Any CPU.Build.0 = Release|Any CPU
	EndGlobalSection
	GlobalSection(SolutionProperties) = preSolution
		HideSolutionNode = FALSE
	EndGlobalSection
	GlobalSection(ExtensibilityGlobals) = postSolution
		SolutionGuid = {FDE37221-3864-4842-BF1C-1A404C55F33F}
	EndGlobalSection
EndGlobal
